// !$*UTF8*$!
{
	archiveVersion = 1;
	classes = {
	};
	objectVersion = 50;
	objects = {

/* Begin PBXBuildFile section */
		BA0381AE21D37D4800019652 /* AvignonStyle.mlmodel in Sources */ = {isa = PBXBuildFile; fileRef = BA0381AD21D37D4800019652 /* AvignonStyle.mlmodel */; };
		BA0381B421D3BBDA00019652 /* ArtCollectionViewController.swift in Sources */ = {isa = PBXBuildFile; fileRef = BA0381B321D3BBDA00019652 /* ArtCollectionViewController.swift */; };
		BA0381BC21D3BD4C00019652 /* Lion.jpg in Resources */ = {isa = PBXBuildFile; fileRef = BA0381B621D3BD4C00019652 /* Lion.jpg */; };
		BA0381BD21D3BD4C00019652 /* Horse.jpg in Resources */ = {isa = PBXBuildFile; fileRef = BA0381B721D3BD4C00019652 /* Horse.jpg */; };
		BA0381BF21D3BD4C00019652 /* Old_man.jpg in Resources */ = {isa = PBXBuildFile; fileRef = BA0381B921D3BD4C00019652 /* Old_man.jpg */; };
		BA0381C021D3BD4C00019652 /* Avignon.jpg in Resources */ = {isa = PBXBuildFile; fileRef = BA0381BA21D3BD4C00019652 /* Avignon.jpg */; };
		BA0381C121D3BD4C00019652 /* Gray_tree.jpg in Resources */ = {isa = PBXBuildFile; fileRef = BA0381BB21D3BD4C00019652 /* Gray_tree.jpg */; };
		BA0381C421D3C41500019652 /* ArtCollectionCell.swift in Sources */ = {isa = PBXBuildFile; fileRef = BA0381C221D3C41500019652 /* ArtCollectionCell.swift */; };
		BA0381C521D3C41500019652 /* ArtCollectionCell.xib in Resources */ = {isa = PBXBuildFile; fileRef = BA0381C321D3C41500019652 /* ArtCollectionCell.xib */; };
		BA0381C721D4007900019652 /* GrayTreeStyle.mlmodel in Sources */ = {isa = PBXBuildFile; fileRef = BA0381C621D4007900019652 /* GrayTreeStyle.mlmodel */; };
		BA0381CD21D4033D00019652 /* Composition_b.jpg in Resources */ = {isa = PBXBuildFile; fileRef = BA0381CC21D4033D00019652 /* Composition_b.jpg */; };
		BA0381CF21D403BF00019652 /* ArtCollectionModel.swift in Sources */ = {isa = PBXBuildFile; fileRef = BA0381CE21D403BF00019652 /* ArtCollectionModel.swift */; };
		BA129A2F21D4D648004B99BD /* LionStyle.mlmodel in Sources */ = {isa = PBXBuildFile; fileRef = BA129A2D21D4D648004B99BD /* LionStyle.mlmodel */; };
		BA313B7521D9F71E00AE7929 /* MainViewController.swift in Sources */ = {isa = PBXBuildFile; fileRef = BA313B7421D9F71E00AE7929 /* MainViewController.swift */; };
		BA7C7F9A21D9202700776DF2 /* BarCollectionView.swift in Sources */ = {isa = PBXBuildFile; fileRef = BA7C7F9921D9202700776DF2 /* BarCollectionView.swift */; };
		BA95E7A321C4F0950013E460 /* AppDelegate.swift in Sources */ = {isa = PBXBuildFile; fileRef = BA95E7A221C4F0950013E460 /* AppDelegate.swift */; };
		BA95E7A821C4F0950013E460 /* Main.storyboard in Resources */ = {isa = PBXBuildFile; fileRef = BA95E7A621C4F0950013E460 /* Main.storyboard */; };
		BA95E7AA21C4F0960013E460 /* Assets.xcassets in Resources */ = {isa = PBXBuildFile; fileRef = BA95E7A921C4F0960013E460 /* Assets.xcassets */; };
		BA95E7AD21C4F0960013E460 /* LaunchScreen.storyboard in Resources */ = {isa = PBXBuildFile; fileRef = BA95E7AB21C4F0960013E460 /* LaunchScreen.storyboard */; };
		BA95E7B721C4F0C70013E460 /* StarryNightStyle.mlmodel in Sources */ = {isa = PBXBuildFile; fileRef = BA95E7B421C4F0C70013E460 /* StarryNightStyle.mlmodel */; };
		BA95E7C721C4F2620013E460 /* VisualismViewController.swift in Sources */ = {isa = PBXBuildFile; fileRef = BA95E7C621C4F2620013E460 /* VisualismViewController.swift */; };
		BA95E7CC21C4F2F30013E460 /* VideoCaptureView.swift in Sources */ = {isa = PBXBuildFile; fileRef = BA95E7CA21C4F2F30013E460 /* VideoCaptureView.swift */; };
		BA95E7E521C4FB600013E460 /* MetalImageView.swift in Sources */ = {isa = PBXBuildFile; fileRef = BA95E7E421C4FB600013E460 /* MetalImageView.swift */; };
		BAAE778221D49317004E0245 /* HorseStyle.mlmodel in Sources */ = {isa = PBXBuildFile; fileRef = BAAE778121D49316004E0245 /* HorseStyle.mlmodel */; };
/* End PBXBuildFile section */

/* Begin PBXFileReference section */
		BA0381AD21D37D4800019652 /* AvignonStyle.mlmodel */ = {isa = PBXFileReference; lastKnownFileType = file.mlmodel; path = AvignonStyle.mlmodel; sourceTree = "<group>"; };
		BA0381B321D3BBDA00019652 /* ArtCollectionViewController.swift */ = {isa = PBXFileReference; lastKnownFileType = sourcecode.swift; path = ArtCollectionViewController.swift; sourceTree = "<group>"; };
		BA0381B621D3BD4C00019652 /* Lion.jpg */ = {isa = PBXFileReference; lastKnownFileType = image.jpeg; path = Lion.jpg; sourceTree = "<group>"; };
		BA0381B721D3BD4C00019652 /* Horse.jpg */ = {isa = PBXFileReference; lastKnownFileType = image.jpeg; path = Horse.jpg; sourceTree = "<group>"; };
		BA0381B921D3BD4C00019652 /* Old_man.jpg */ = {isa = PBXFileReference; lastKnownFileType = image.jpeg; path = Old_man.jpg; sourceTree = "<group>"; };
		BA0381BA21D3BD4C00019652 /* Avignon.jpg */ = {isa = PBXFileReference; lastKnownFileType = image.jpeg; path = Avignon.jpg; sourceTree = "<group>"; };
		BA0381BB21D3BD4C00019652 /* Gray_tree.jpg */ = {isa = PBXFileReference; lastKnownFileType = image.jpeg; path = Gray_tree.jpg; sourceTree = "<group>"; };
		BA0381C221D3C41500019652 /* ArtCollectionCell.swift */ = {isa = PBXFileReference; fileEncoding = 4; lastKnownFileType = sourcecode.swift; path = ArtCollectionCell.swift; sourceTree = "<group>"; };
		BA0381C321D3C41500019652 /* ArtCollectionCell.xib */ = {isa = PBXFileReference; fileEncoding = 4; lastKnownFileType = file.xib; path = ArtCollectionCell.xib; sourceTree = "<group>"; };
		BA0381C621D4007900019652 /* GrayTreeStyle.mlmodel */ = {isa = PBXFileReference; lastKnownFileType = file.mlmodel; path = GrayTreeStyle.mlmodel; sourceTree = "<group>"; };
		BA0381CC21D4033D00019652 /* Composition_b.jpg */ = {isa = PBXFileReference; lastKnownFileType = image.jpeg; path = Composition_b.jpg; sourceTree = "<group>"; };
		BA0381CE21D403BF00019652 /* ArtCollectionModel.swift */ = {isa = PBXFileReference; lastKnownFileType = sourcecode.swift; name = ArtCollectionModel.swift; path = Visualism/Model/ArtCollectionModel.swift; sourceTree = SOURCE_ROOT; };
		BA129A2D21D4D648004B99BD /* LionStyle.mlmodel */ = {isa = PBXFileReference; lastKnownFileType = file.mlmodel; path = LionStyle.mlmodel; sourceTree = "<group>"; };
		BA313B7421D9F71E00AE7929 /* MainViewController.swift */ = {isa = PBXFileReference; lastKnownFileType = sourcecode.swift; path = MainViewController.swift; sourceTree = "<group>"; };
		BA7C7F9921D9202700776DF2 /* BarCollectionView.swift */ = {isa = PBXFileReference; fileEncoding = 4; lastKnownFileType = sourcecode.swift; path = BarCollectionView.swift; sourceTree = "<group>"; };
		BA95E79F21C4F0950013E460 /* Visualism.app */ = {isa = PBXFileReference; explicitFileType = wrapper.application; includeInIndex = 0; path = Visualism.app; sourceTree = BUILT_PRODUCTS_DIR; };
		BA95E7A221C4F0950013E460 /* AppDelegate.swift */ = {isa = PBXFileReference; lastKnownFileType = sourcecode.swift; path = AppDelegate.swift; sourceTree = "<group>"; };
		BA95E7A721C4F0950013E460 /* Base */ = {isa = PBXFileReference; lastKnownFileType = file.storyboard; name = Base; path = Base.lproj/Main.storyboard; sourceTree = "<group>"; };
		BA95E7A921C4F0960013E460 /* Assets.xcassets */ = {isa = PBXFileReference; lastKnownFileType = folder.assetcatalog; path = Assets.xcassets; sourceTree = "<group>"; };
		BA95E7AC21C4F0960013E460 /* Base */ = {isa = PBXFileReference; lastKnownFileType = file.storyboard; name = Base; path = Base.lproj/LaunchScreen.storyboard; sourceTree = "<group>"; };
		BA95E7AE21C4F0960013E460 /* Info.plist */ = {isa = PBXFileReference; lastKnownFileType = text.plist.xml; path = Info.plist; sourceTree = "<group>"; };
		BA95E7B421C4F0C70013E460 /* StarryNightStyle.mlmodel */ = {isa = PBXFileReference; lastKnownFileType = file.mlmodel; path = StarryNightStyle.mlmodel; sourceTree = "<group>"; };
		BA95E7C621C4F2620013E460 /* VisualismViewController.swift */ = {isa = PBXFileReference; fileEncoding = 4; lastKnownFileType = sourcecode.swift; path = VisualismViewController.swift; sourceTree = "<group>"; };
		BA95E7CA21C4F2F30013E460 /* VideoCaptureView.swift */ = {isa = PBXFileReference; fileEncoding = 4; lastKnownFileType = sourcecode.swift; path = VideoCaptureView.swift; sourceTree = "<group>"; };
		BA95E7E421C4FB600013E460 /* MetalImageView.swift */ = {isa = PBXFileReference; fileEncoding = 4; lastKnownFileType = sourcecode.swift; path = MetalImageView.swift; sourceTree = "<group>"; };
		BAAE778121D49316004E0245 /* HorseStyle.mlmodel */ = {isa = PBXFileReference; lastKnownFileType = file.mlmodel; path = HorseStyle.mlmodel; sourceTree = "<group>"; };
/* End PBXFileReference section */

/* Begin PBXFrameworksBuildPhase section */
		BA95E79C21C4F0950013E460 /* Frameworks */ = {
			isa = PBXFrameworksBuildPhase;
			buildActionMask = 2147483647;
			files = (
			);
			runOnlyForDeploymentPostprocessing = 0;
		};
/* End PBXFrameworksBuildPhase section */

/* Begin PBXGroup section */
		BA0381B521D3BD3200019652 /* Art Collection */ = {
			isa = PBXGroup;
			children = (
				BA0381BA21D3BD4C00019652 /* Avignon.jpg */,
				BA0381BB21D3BD4C00019652 /* Gray_tree.jpg */,
				BA0381CC21D4033D00019652 /* Composition_b.jpg */,
				BA0381B721D3BD4C00019652 /* Horse.jpg */,
				BA0381B621D3BD4C00019652 /* Lion.jpg */,
				BA0381B921D3BD4C00019652 /* Old_man.jpg */,
			);
			path = "Art Collection";
			sourceTree = "<group>";
		};
		BA0381D021D4053F00019652 /* Model */ = {
			isa = PBXGroup;
			children = (
				BA0381CE21D403BF00019652 /* ArtCollectionModel.swift */,
				BA95E7CF21C4F3140013E460 /* CoreML Model */,
				BA0381B521D3BD3200019652 /* Art Collection */,
			);
			path = Model;
			sourceTree = "<group>";
		};
		BA95E79621C4F0950013E460 = {
			isa = PBXGroup;
			children = (
				BA95E7A121C4F0950013E460 /* Visualism */,
				BA95E7A021C4F0950013E460 /* Products */,
			);
			sourceTree = "<group>";
		};
		BA95E7A021C4F0950013E460 /* Products */ = {
			isa = PBXGroup;
			children = (
				BA95E79F21C4F0950013E460 /* Visualism.app */,
			);
			name = Products;
			sourceTree = "<group>";
		};
		BA95E7A121C4F0950013E460 /* Visualism */ = {
			isa = PBXGroup;
			children = (
				BA95E7CE21C4F3020013E460 /* Controller */,
				BA95E7CD21C4F2FA0013E460 /* View */,
				BA0381D021D4053F00019652 /* Model */,
				BA95E7C821C4F2BF0013E460 /* Supporting Files */,
				BA95E7AE21C4F0960013E460 /* Info.plist */,
			);
			path = Visualism;
			sourceTree = "<group>";
		};
		BA95E7C821C4F2BF0013E460 /* Supporting Files */ = {
			isa = PBXGroup;
			children = (
				BA95E7A221C4F0950013E460 /* AppDelegate.swift */,
				BA95E7A921C4F0960013E460 /* Assets.xcassets */,
				BA95E7AB21C4F0960013E460 /* LaunchScreen.storyboard */,
			);
			path = "Supporting Files";
			sourceTree = "<group>";
		};
		BA95E7CD21C4F2FA0013E460 /* View */ = {
			isa = PBXGroup;
			children = (
				BA95E7CA21C4F2F30013E460 /* VideoCaptureView.swift */,
				BA95E7E421C4FB600013E460 /* MetalImageView.swift */,
				BA7C7F9921D9202700776DF2 /* BarCollectionView.swift */,
				BA0381C221D3C41500019652 /* ArtCollectionCell.swift */,
				BA0381C321D3C41500019652 /* ArtCollectionCell.xib */,
			);
			path = View;
			sourceTree = "<group>";
		};
		BA95E7CE21C4F3020013E460 /* Controller */ = {
			isa = PBXGroup;
			children = (
				BA95E7C621C4F2620013E460 /* VisualismViewController.swift */,
				BA0381B321D3BBDA00019652 /* ArtCollectionViewController.swift */,
				BA313B7421D9F71E00AE7929 /* MainViewController.swift */,
				BA95E7A621C4F0950013E460 /* Main.storyboard */,
			);
			path = Controller;
			sourceTree = "<group>";
		};
		BA95E7CF21C4F3140013E460 /* CoreML Model */ = {
			isa = PBXGroup;
			children = (
				BA95E7B421C4F0C70013E460 /* StarryNightStyle.mlmodel */,
				BA0381AD21D37D4800019652 /* AvignonStyle.mlmodel */,
				BA0381C621D4007900019652 /* GrayTreeStyle.mlmodel */,
				BAAE778121D49316004E0245 /* HorseStyle.mlmodel */,
				BA129A2D21D4D648004B99BD /* LionStyle.mlmodel */,
			);
			path = "CoreML Model";
			sourceTree = "<group>";
		};
/* End PBXGroup section */

/* Begin PBXNativeTarget section */
		BA95E79E21C4F0950013E460 /* Visualism */ = {
			isa = PBXNativeTarget;
			buildConfigurationList = BA95E7B121C4F0960013E460 /* Build configuration list for PBXNativeTarget "Visualism" */;
			buildPhases = (
				BA95E79B21C4F0950013E460 /* Sources */,
				BA95E79C21C4F0950013E460 /* Frameworks */,
				BA95E79D21C4F0950013E460 /* Resources */,
			);
			buildRules = (
			);
			dependencies = (
			);
			name = Visualism;
			productName = Visualism;
			productReference = BA95E79F21C4F0950013E460 /* Visualism.app */;
			productType = "com.apple.product-type.application";
		};
/* End PBXNativeTarget section */

/* Begin PBXProject section */
		BA95E79721C4F0950013E460 /* Project object */ = {
			isa = PBXProject;
			attributes = {
				LastSwiftUpdateCheck = 1010;
				LastUpgradeCheck = 1010;
				ORGANIZATIONNAME = "Henry Huang";
				TargetAttributes = {
					BA95E79E21C4F0950013E460 = {
						CreatedOnToolsVersion = 10.1;
					};
				};
			};
			buildConfigurationList = BA95E79A21C4F0950013E460 /* Build configuration list for PBXProject "Visualism" */;
			compatibilityVersion = "Xcode 9.3";
			developmentRegion = en;
			hasScannedForEncodings = 0;
			knownRegions = (
				en,
				Base,
			);
			mainGroup = BA95E79621C4F0950013E460;
			productRefGroup = BA95E7A021C4F0950013E460 /* Products */;
			projectDirPath = "";
			projectRoot = "";
			targets = (
				BA95E79E21C4F0950013E460 /* Visualism */,
			);
		};
/* End PBXProject section */

/* Begin PBXResourcesBuildPhase section */
		BA95E79D21C4F0950013E460 /* Resources */ = {
			isa = PBXResourcesBuildPhase;
			buildActionMask = 2147483647;
			files = (
				BA95E7AD21C4F0960013E460 /* LaunchScreen.storyboard in Resources */,
				BA95E7AA21C4F0960013E460 /* Assets.xcassets in Resources */,
				BA0381BD21D3BD4C00019652 /* Horse.jpg in Resources */,
				BA0381BF21D3BD4C00019652 /* Old_man.jpg in Resources */,
				BA0381C021D3BD4C00019652 /* Avignon.jpg in Resources */,
				BA0381C521D3C41500019652 /* ArtCollectionCell.xib in Resources */,
				BA0381C121D3BD4C00019652 /* Gray_tree.jpg in Resources */,
				BA95E7A821C4F0950013E460 /* Main.storyboard in Resources */,
				BA0381BC21D3BD4C00019652 /* Lion.jpg in Resources */,
				BA0381CD21D4033D00019652 /* Composition_b.jpg in Resources */,
			);
			runOnlyForDeploymentPostprocessing = 0;
		};
/* End PBXResourcesBuildPhase section */

/* Begin PBXSourcesBuildPhase section */
		BA95E79B21C4F0950013E460 /* Sources */ = {
			isa = PBXSourcesBuildPhase;
			buildActionMask = 2147483647;
			files = (
				BA7C7F9A21D9202700776DF2 /* BarCollectionView.swift in Sources */,
				BA0381CF21D403BF00019652 /* ArtCollectionModel.swift in Sources */,
				BA95E7E521C4FB600013E460 /* MetalImageView.swift in Sources */,
				BA95E7A321C4F0950013E460 /* AppDelegate.swift in Sources */,
				BA95E7CC21C4F2F30013E460 /* VideoCaptureView.swift in Sources */,
				BA129A2F21D4D648004B99BD /* LionStyle.mlmodel in Sources */,
				BAAE778221D49317004E0245 /* HorseStyle.mlmodel in Sources */,
				BA313B7521D9F71E00AE7929 /* MainViewController.swift in Sources */,
				BA95E7B721C4F0C70013E460 /* StarryNightStyle.mlmodel in Sources */,
				BA0381C421D3C41500019652 /* ArtCollectionCell.swift in Sources */,
				BA0381B421D3BBDA00019652 /* ArtCollectionViewController.swift in Sources */,
				BA95E7C721C4F2620013E460 /* VisualismViewController.swift in Sources */,
				BA0381C721D4007900019652 /* GrayTreeStyle.mlmodel in Sources */,
				BA0381AE21D37D4800019652 /* AvignonStyle.mlmodel in Sources */,
			);
			runOnlyForDeploymentPostprocessing = 0;
		};
/* End PBXSourcesBuildPhase section */

/* Begin PBXVariantGroup section */
		BA95E7A621C4F0950013E460 /* Main.storyboard */ = {
			isa = PBXVariantGroup;
			children = (
				BA95E7A721C4F0950013E460 /* Base */,
			);
			name = Main.storyboard;
			sourceTree = "<group>";
		};
		BA95E7AB21C4F0960013E460 /* LaunchScreen.storyboard */ = {
			isa = PBXVariantGroup;
			children = (
				BA95E7AC21C4F0960013E460 /* Base */,
			);
			name = LaunchScreen.storyboard;
			sourceTree = "<group>";
		};
/* End PBXVariantGroup section */

/* Begin XCBuildConfiguration section */
		BA95E7AF21C4F0960013E460 /* Debug */ = {
			isa = XCBuildConfiguration;
			buildSettings = {
				ALWAYS_SEARCH_USER_PATHS = NO;
				CLANG_ANALYZER_NONNULL = YES;
				CLANG_ANALYZER_NUMBER_OBJECT_CONVERSION = YES_AGGRESSIVE;
				CLANG_CXX_LANGUAGE_STANDARD = "gnu++14";
				CLANG_CXX_LIBRARY = "libc++";
				CLANG_ENABLE_MODULES = YES;
				CLANG_ENABLE_OBJC_ARC = YES;
				CLANG_ENABLE_OBJC_WEAK = YES;
				CLANG_WARN_BLOCK_CAPTURE_AUTORELEASING = YES;
				CLANG_WARN_BOOL_CONVERSION = YES;
				CLANG_WARN_COMMA = YES;
				CLANG_WARN_CONSTANT_CONVERSION = YES;
				CLANG_WARN_DEPRECATED_OBJC_IMPLEMENTATIONS = YES;
				CLANG_WARN_DIRECT_OBJC_ISA_USAGE = YES_ERROR;
				CLANG_WARN_DOCUMENTATION_COMMENTS = YES;
				CLANG_WARN_EMPTY_BODY = YES;
				CLANG_WARN_ENUM_CONVERSION = YES;
				CLANG_WARN_INFINITE_RECURSION = YES;
				CLANG_WARN_INT_CONVERSION = YES;
				CLANG_WARN_NON_LITERAL_NULL_CONVERSION = YES;
				CLANG_WARN_OBJC_IMPLICIT_RETAIN_SELF = YES;
				CLANG_WARN_OBJC_LITERAL_CONVERSION = YES;
				CLANG_WARN_OBJC_ROOT_CLASS = YES_ERROR;
				CLANG_WARN_RANGE_LOOP_ANALYSIS = YES;
				CLANG_WARN_STRICT_PROTOTYPES = YES;
				CLANG_WARN_SUSPICIOUS_MOVE = YES;
				CLANG_WARN_UNGUARDED_AVAILABILITY = YES_AGGRESSIVE;
				CLANG_WARN_UNREACHABLE_CODE = YES;
				CLANG_WARN__DUPLICATE_METHOD_MATCH = YES;
				CODE_SIGN_IDENTITY = "iPhone Developer";
				COPY_PHASE_STRIP = NO;
				DEBUG_INFORMATION_FORMAT = dwarf;
				ENABLE_STRICT_OBJC_MSGSEND = YES;
				ENABLE_TESTABILITY = YES;
				GCC_C_LANGUAGE_STANDARD = gnu11;
				GCC_DYNAMIC_NO_PIC = NO;
				GCC_NO_COMMON_BLOCKS = YES;
				GCC_OPTIMIZATION_LEVEL = 0;
				GCC_PREPROCESSOR_DEFINITIONS = (
					"DEBUG=1",
					"$(inherited)",
				);
				GCC_WARN_64_TO_32_BIT_CONVERSION = YES;
				GCC_WARN_ABOUT_RETURN_TYPE = YES_ERROR;
				GCC_WARN_UNDECLARED_SELECTOR = YES;
				GCC_WARN_UNINITIALIZED_AUTOS = YES_AGGRESSIVE;
				GCC_WARN_UNUSED_FUNCTION = YES;
				GCC_WARN_UNUSED_VARIABLE = YES;
				IPHONEOS_DEPLOYMENT_TARGET = 12.1;
				MTL_ENABLE_DEBUG_INFO = INCLUDE_SOURCE;
				MTL_FAST_MATH = YES;
				ONLY_ACTIVE_ARCH = YES;
				SDKROOT = iphoneos;
				SWIFT_ACTIVE_COMPILATION_CONDITIONS = DEBUG;
				SWIFT_OPTIMIZATION_LEVEL = "-Onone";
			};
			name = Debug;
		};
		BA95E7B021C4F0960013E460 /* Release */ = {
			isa = XCBuildConfiguration;
			buildSettings = {
				ALWAYS_SEARCH_USER_PATHS = NO;
				CLANG_ANALYZER_NONNULL = YES;
				CLANG_ANALYZER_NUMBER_OBJECT_CONVERSION = YES_AGGRESSIVE;
				CLANG_CXX_LANGUAGE_STANDARD = "gnu++14";
				CLANG_CXX_LIBRARY = "libc++";
				CLANG_ENABLE_MODULES = YES;
				CLANG_ENABLE_OBJC_ARC = YES;
				CLANG_ENABLE_OBJC_WEAK = YES;
				CLANG_WARN_BLOCK_CAPTURE_AUTORELEASING = YES;
				CLANG_WARN_BOOL_CONVERSION = YES;
				CLANG_WARN_COMMA = YES;
				CLANG_WARN_CONSTANT_CONVERSION = YES;
				CLANG_WARN_DEPRECATED_OBJC_IMPLEMENTATIONS = YES;
				CLANG_WARN_DIRECT_OBJC_ISA_USAGE = YES_ERROR;
				CLANG_WARN_DOCUMENTATION_COMMENTS = YES;
				CLANG_WARN_EMPTY_BODY = YES;
				CLANG_WARN_ENUM_CONVERSION = YES;
				CLANG_WARN_INFINITE_RECURSION = YES;
				CLANG_WARN_INT_CONVERSION = YES;
				CLANG_WARN_NON_LITERAL_NULL_CONVERSION = YES;
				CLANG_WARN_OBJC_IMPLICIT_RETAIN_SELF = YES;
				CLANG_WARN_OBJC_LITERAL_CONVERSION = YES;
				CLANG_WARN_OBJC_ROOT_CLASS = YES_ERROR;
				CLANG_WARN_RANGE_LOOP_ANALYSIS = YES;
				CLANG_WARN_STRICT_PROTOTYPES = YES;
				CLANG_WARN_SUSPICIOUS_MOVE = YES;
				CLANG_WARN_UNGUARDED_AVAILABILITY = YES_AGGRESSIVE;
				CLANG_WARN_UNREACHABLE_CODE = YES;
				CLANG_WARN__DUPLICATE_METHOD_MATCH = YES;
				CODE_SIGN_IDENTITY = "iPhone Developer";
				COPY_PHASE_STRIP = NO;
				DEBUG_INFORMATION_FORMAT = "dwarf-with-dsym";
				ENABLE_NS_ASSERTIONS = NO;
				ENABLE_STRICT_OBJC_MSGSEND = YES;
				GCC_C_LANGUAGE_STANDARD = gnu11;
				GCC_NO_COMMON_BLOCKS = YES;
				GCC_WARN_64_TO_32_BIT_CONVERSION = YES;
				GCC_WARN_ABOUT_RETURN_TYPE = YES_ERROR;
				GCC_WARN_UNDECLARED_SELECTOR = YES;
				GCC_WARN_UNINITIALIZED_AUTOS = YES_AGGRESSIVE;
				GCC_WARN_UNUSED_FUNCTION = YES;
				GCC_WARN_UNUSED_VARIABLE = YES;
				IPHONEOS_DEPLOYMENT_TARGET = 12.1;
				MTL_ENABLE_DEBUG_INFO = NO;
				MTL_FAST_MATH = YES;
				SDKROOT = iphoneos;
				SWIFT_COMPILATION_MODE = wholemodule;
				SWIFT_OPTIMIZATION_LEVEL = "-O";
				VALIDATE_PRODUCT = YES;
			};
			name = Release;
		};
		BA95E7B221C4F0960013E460 /* Debug */ = {
			isa = XCBuildConfiguration;
			buildSettings = {
				ASSETCATALOG_COMPILER_APPICON_NAME = AppIcon;
				CODE_SIGN_STYLE = Automatic;
				DEVELOPMENT_TEAM = AZDTL9RMV6;
				INFOPLIST_FILE = Visualism/Info.plist;
				LD_RUNPATH_SEARCH_PATHS = (
					"$(inherited)",
					"@executable_path/Frameworks",
				);
				PRODUCT_BUNDLE_IDENTIFIER = henrystime.com.Visualism;
				PRODUCT_NAME = "$(TARGET_NAME)";
				SWIFT_INSTALL_OBJC_HEADER = NO;
				SWIFT_OBJC_BRIDGING_HEADER = "";
				SWIFT_VERSION = 4.2;
				TARGETED_DEVICE_FAMILY = "1,2";
			};
			name = Debug;
		};
		BA95E7B321C4F0960013E460 /* Release */ = {
			isa = XCBuildConfiguration;
			buildSettings = {
				ASSETCATALOG_COMPILER_APPICON_NAME = AppIcon;
				CODE_SIGN_STYLE = Automatic;
				DEVELOPMENT_TEAM = AZDTL9RMV6;
				INFOPLIST_FILE = Visualism/Info.plist;
				LD_RUNPATH_SEARCH_PATHS = (
					"$(inherited)",
					"@executable_path/Frameworks",
				);
				PRODUCT_BUNDLE_IDENTIFIER = henrystime.com.Visualism;
				PRODUCT_NAME = "$(TARGET_NAME)";
				SWIFT_INSTALL_OBJC_HEADER = NO;
				SWIFT_OBJC_BRIDGING_HEADER = "";
				SWIFT_VERSION = 4.2;
				TARGETED_DEVICE_FAMILY = "1,2";
			};
			name = Release;
		};
/* End XCBuildConfiguration section */

/* Begin XCConfigurationList section */
		BA95E79A21C4F0950013E460 /* Build configuration list for PBXProject "Visualism" */ = {
			isa = XCConfigurationList;
			buildConfigurations = (
				BA95E7AF21C4F0960013E460 /* Debug */,
				BA95E7B021C4F0960013E460 /* Release */,
			);
			defaultConfigurationIsVisible = 0;
			defaultConfigurationName = Release;
		};
		BA95E7B121C4F0960013E460 /* Build configuration list for PBXNativeTarget "Visualism" */ = {
			isa = XCConfigurationList;
			buildConfigurations = (
				BA95E7B221C4F0960013E460 /* Debug */,
				BA95E7B321C4F0960013E460 /* Release */,
			);
			defaultConfigurationIsVisible = 0;
			defaultConfigurationName = Release;
		};
/* End XCConfigurationList section */
	};
	rootObject = BA95E79721C4F0950013E460 /* Project object */;
}
